
Microsoft Visual Studio Solution File, Format Version 12.00
# Visual Studio Version 16
VisualStudioVersion = 16.0.30413.136
MinimumVisualStudioVersion = 10.0.40219.1
Project("{FAE04EC0-301F-11D3-BF4B-00C04F79EFBC}") = "MyJokes", "MyJokes.csproj", "{797C00CC-1EBB-47F3-9B19-D75D1673FF77}"
EndProject
Global
	GlobalSection(SolutionConfigurationPlatforms) = preSolution
		Debug|Any CPU = Debug|Any CPU
		Release|Any CPU = Release|Any CPU
	EndGlobalSection
	GlobalSection(ProjectConfigurationPlatforms) = postSolution
		{797C00CC-1EBB-47F3-9B19-D75D1673FF77}.Debug|Any CPU.ActiveCfg = Debug|Any CPU
		{797C00CC-1EBB-47F3-9B19-D75D1673FF77}.Debug|Any CPU.Build.0 = Debug|Any CPU
		{797C00CC-1EBB-47F3-9B19-D75D1673FF77}.Release|Any CPU.ActiveCfg = Release|Any CPU
		{797C00CC-1EBB-47F3-9B19-D75D1673FF77}.Release|Any CPU.Build.0 = Release|Any CPU
	EndGlobalSection
	GlobalSection(SolutionProperties) = preSolution
		HideSolutionNode = FALSE
	EndGlobalSection
	GlobalSection(ExtensibilityGlobals) = postSolution
		SolutionGuid = {8D971887-ACFE-4B7D-A634-CEBCD3954F21}
	EndGlobalSection
EndGlobal
